
Microsoft Visual Studio Solution File, Format Version 12.00
# Visual Studio 15
VisualStudioVersion = 15.0.28307.271
MinimumVisualStudioVersion = 10.0.40219.1
Project("{FAE04EC0-301F-11D3-BF4B-00C04F79EFBC}") = "STG", "STG\STG.csproj", "{CACEC0E8-9500-4584-9965-24795FE6B7B9}"
EndProject
Project("{54435603-DBB4-11D2-8724-00A0C9A8B90C}") = "InstallerSTG", "InstallerSTG\InstallerSTG.vdproj", "{D240B91F-3B47-40B4-AE53-D68684A9C603}"
EndProject
Global
	GlobalSection(SolutionConfigurationPlatforms) = preSolution
		Debug|Any CPU = Debug|Any CPU
		Release|Any CPU = Release|Any CPU
	EndGlobalSection
	GlobalSection(ProjectConfigurationPlatforms) = postSolution
		{CACEC0E8-9500-4584-9965-24795FE6B7B9}.Debug|Any CPU.ActiveCfg = Debug|Any CPU
		{CACEC0E8-9500-4584-9965-24795FE6B7B9}.Debug|Any CPU.Build.0 = Debug|Any CPU
		{CACEC0E8-9500-4584-9965-24795FE6B7B9}.Release|Any CPU.ActiveCfg = Release|Any CPU
		{CACEC0E8-9500-4584-9965-24795FE6B7B9}.Release|Any CPU.Build.0 = Release|Any CPU
		{D240B91F-3B47-40B4-AE53-D68684A9C603}.Debug|Any CPU.ActiveCfg = Debug
		{D240B91F-3B47-40B4-AE53-D68684A9C603}.Release|Any CPU.ActiveCfg = Release
	EndGlobalSection
	GlobalSection(SolutionProperties) = preSolution
		HideSolutionNode = FALSE
	EndGlobalSection
	GlobalSection(ExtensibilityGlobals) = postSolution
		SolutionGuid = {F7E17995-4A7E-49EE-868A-1430FC4A5846}
	EndGlobalSection
EndGlobal
